
Microsoft Visual Studio Solution File, Format Version 12.00
# Visual Studio 15
VisualStudioVersion = 15.0.27428.2015
MinimumVisualStudioVersion = 10.0.40219.1
Project("{9A19103F-16F7-4668-BE54-9A1E7A4F7556}") = "Core", "Core\Core.csproj", "{B47785E7-8449-4178-81BD-E06B5E69FF05}"
EndProject
Project("{FAE04EC0-301F-11D3-BF4B-00C04F79EFBC}") = "FuzzyCognitiveModel", "FuzzyCognitiveModel\FuzzyCognitiveModel.csproj", "{08A1068E-BE6F-4C39-8346-B6F77821264B}"
EndProject
Project("{FAE04EC0-301F-11D3-BF4B-00C04F79EFBC}") = "Core.Tests", "Core.Tests\Core.Tests.csproj", "{AE3868B7-6B25-4CCA-8192-BE62B0AF9B3F}"
EndProject
Global
	GlobalSection(SolutionConfigurationPlatforms) = preSolution
		Debug|Any CPU = Debug|Any CPU
		Release|Any CPU = Release|Any CPU
	EndGlobalSection
	GlobalSection(ProjectConfigurationPlatforms) = postSolution
		{B47785E7-8449-4178-81BD-E06B5E69FF05}.Debug|Any CPU.ActiveCfg = Debug|Any CPU
		{B47785E7-8449-4178-81BD-E06B5E69FF05}.Debug|Any CPU.Build.0 = Debug|Any CPU
		{B47785E7-8449-4178-81BD-E06B5E69FF05}.Release|Any CPU.ActiveCfg = Release|Any CPU
		{B47785E7-8449-4178-81BD-E06B5E69FF05}.Release|Any CPU.Build.0 = Release|Any CPU
		{08A1068E-BE6F-4C39-8346-B6F77821264B}.Debug|Any CPU.ActiveCfg = Debug|Any CPU
		{08A1068E-BE6F-4C39-8346-B6F77821264B}.Debug|Any CPU.Build.0 = Debug|Any CPU
		{08A1068E-BE6F-4C39-8346-B6F77821264B}.Release|Any CPU.ActiveCfg = Release|Any CPU
		{08A1068E-BE6F-4C39-8346-B6F77821264B}.Release|Any CPU.Build.0 = Release|Any CPU
		{AE3868B7-6B25-4CCA-8192-BE62B0AF9B3F}.Debug|Any CPU.ActiveCfg = Debug|Any CPU
		{AE3868B7-6B25-4CCA-8192-BE62B0AF9B3F}.Debug|Any CPU.Build.0 = Debug|Any CPU
		{AE3868B7-6B25-4CCA-8192-BE62B0AF9B3F}.Release|Any CPU.ActiveCfg = Release|Any CPU
		{AE3868B7-6B25-4CCA-8192-BE62B0AF9B3F}.Release|Any CPU.Build.0 = Release|Any CPU
	EndGlobalSection
	GlobalSection(SolutionProperties) = preSolution
		HideSolutionNode = FALSE
	EndGlobalSection
	GlobalSection(ExtensibilityGlobals) = postSolution
		SolutionGuid = {7B846214-C8C0-454F-9FBE-619A288FB596}
	EndGlobalSection
EndGlobal
